// !$*UTF8*$!
{
	archiveVersion = 1;
	classes = {
	};
	objectVersion = 50;
	objects = {

/* Begin PBXBuildFile section */
		770A30ED21AB124F00603B45 /* AppDelegate.swift in Sources */ = {isa = PBXBuildFile; fileRef = 770A30EC21AB124F00603B45 /* AppDelegate.swift */; };
		770A30EF21AB124F00603B45 /* ViewController.swift in Sources */ = {isa = PBXBuildFile; fileRef = 770A30EE21AB124F00603B45 /* ViewController.swift */; };
		770A30F121AB125100603B45 /* Assets.xcassets in Resources */ = {isa = PBXBuildFile; fileRef = 770A30F021AB125100603B45 /* Assets.xcassets */; };
		770A30F421AB125100603B45 /* Main.storyboard in Resources */ = {isa = PBXBuildFile; fileRef = 770A30F221AB125100603B45 /* Main.storyboard */; };
		770A30FE21AB13FF00603B45 /* ProgressOverlayView.swift in Sources */ = {isa = PBXBuildFile; fileRef = 770A30FD21AB13FF00603B45 /* ProgressOverlayView.swift */; };
		770A310021AB229800603B45 /* NSView+ProgressOverlay.swift in Sources */ = {isa = PBXBuildFile; fileRef = 770A30FF21AB229800603B45 /* NSView+ProgressOverlay.swift */; };
		770A310221B493E300603B45 /* DisablableTextView.swift in Sources */ = {isa = PBXBuildFile; fileRef = 770A310121B493E300603B45 /* DisablableTextView.swift */; };
		770A310421B50B0E00603B45 /* NSTextField+UserInteraction.swift in Sources */ = {isa = PBXBuildFile; fileRef = 770A310321B50B0E00603B45 /* NSTextField+UserInteraction.swift */; };
		770A310621B50DEC00603B45 /* NSControl+UserInteraction.swift in Sources */ = {isa = PBXBuildFile; fileRef = 770A310521B50DEC00603B45 /* NSControl+UserInteraction.swift */; };
		770A310821B511EB00603B45 /* NSTextView+UserInteraction.swift in Sources */ = {isa = PBXBuildFile; fileRef = 770A310721B511EB00603B45 /* NSTextView+UserInteraction.swift */; };
		770A310A21B5204200603B45 /* DisablableScrollView.swift in Sources */ = {isa = PBXBuildFile; fileRef = 770A310921B5204200603B45 /* DisablableScrollView.swift */; };
		770A310C21B521B900603B45 /* NSScrollView+UserIneraction.swift in Sources */ = {isa = PBXBuildFile; fileRef = 770A310B21B521B900603B45 /* NSScrollView+UserIneraction.swift */; };
/* End PBXBuildFile section */

/* Begin PBXFileReference section */
		770A30E921AB124F00603B45 /* ProgressOverlaySample.app */ = {isa = PBXFileReference; explicitFileType = wrapper.application; includeInIndex = 0; path = ProgressOverlaySample.app; sourceTree = BUILT_PRODUCTS_DIR; };
		770A30EC21AB124F00603B45 /* AppDelegate.swift */ = {isa = PBXFileReference; lastKnownFileType = sourcecode.swift; path = AppDelegate.swift; sourceTree = "<group>"; };
		770A30EE21AB124F00603B45 /* ViewController.swift */ = {isa = PBXFileReference; lastKnownFileType = sourcecode.swift; path = ViewController.swift; sourceTree = "<group>"; };
		770A30F021AB125100603B45 /* Assets.xcassets */ = {isa = PBXFileReference; lastKnownFileType = folder.assetcatalog; path = Assets.xcassets; sourceTree = "<group>"; };
		770A30F321AB125100603B45 /* Base */ = {isa = PBXFileReference; lastKnownFileType = file.storyboard; name = Base; path = Base.lproj/Main.storyboard; sourceTree = "<group>"; };
		770A30F521AB125100603B45 /* Info.plist */ = {isa = PBXFileReference; lastKnownFileType = text.plist.xml; path = Info.plist; sourceTree = "<group>"; };
		770A30F621AB125100603B45 /* ProgressOverlaySample.entitlements */ = {isa = PBXFileReference; lastKnownFileType = text.plist.entitlements; path = ProgressOverlaySample.entitlements; sourceTree = "<group>"; };
		770A30FD21AB13FF00603B45 /* ProgressOverlayView.swift */ = {isa = PBXFileReference; lastKnownFileType = sourcecode.swift; path = ProgressOverlayView.swift; sourceTree = "<group>"; };
		770A30FF21AB229800603B45 /* NSView+ProgressOverlay.swift */ = {isa = PBXFileReference; lastKnownFileType = sourcecode.swift; path = "NSView+ProgressOverlay.swift"; sourceTree = "<group>"; };
		770A310121B493E300603B45 /* DisablableTextView.swift */ = {isa = PBXFileReference; lastKnownFileType = sourcecode.swift; path = DisablableTextView.swift; sourceTree = "<group>"; };
		770A310321B50B0E00603B45 /* NSTextField+UserInteraction.swift */ = {isa = PBXFileReference; lastKnownFileType = sourcecode.swift; path = "NSTextField+UserInteraction.swift"; sourceTree = "<group>"; };
		770A310521B50DEC00603B45 /* NSControl+UserInteraction.swift */ = {isa = PBXFileReference; lastKnownFileType = sourcecode.swift; path = "NSControl+UserInteraction.swift"; sourceTree = "<group>"; };
		770A310721B511EB00603B45 /* NSTextView+UserInteraction.swift */ = {isa = PBXFileReference; lastKnownFileType = sourcecode.swift; path = "NSTextView+UserInteraction.swift"; sourceTree = "<group>"; };
		770A310921B5204200603B45 /* DisablableScrollView.swift */ = {isa = PBXFileReference; lastKnownFileType = sourcecode.swift; path = DisablableScrollView.swift; sourceTree = "<group>"; };
		770A310B21B521B900603B45 /* NSScrollView+UserIneraction.swift */ = {isa = PBXFileReference; lastKnownFileType = sourcecode.swift; path = "NSScrollView+UserIneraction.swift"; sourceTree = "<group>"; };
/* End PBXFileReference section */

/* Begin PBXFrameworksBuildPhase section */
		770A30E621AB124F00603B45 /* Frameworks */ = {
			isa = PBXFrameworksBuildPhase;
			buildActionMask = 2147483647;
			files = (
			);
			runOnlyForDeploymentPostprocessing = 0;
		};
/* End PBXFrameworksBuildPhase section */

/* Begin PBXGroup section */
		770A30E021AB124F00603B45 = {
			isa = PBXGroup;
			children = (
				770A30FC21AB138000603B45 /* ProgressOverlayView */,
				770A30EB21AB124F00603B45 /* ProgressOverlaySample */,
				770A30EA21AB124F00603B45 /* Products */,
			);
			sourceTree = "<group>";
		};
		770A30EA21AB124F00603B45 /* Products */ = {
			isa = PBXGroup;
			children = (
				770A30E921AB124F00603B45 /* ProgressOverlaySample.app */,
			);
			name = Products;
			sourceTree = "<group>";
		};
		770A30EB21AB124F00603B45 /* ProgressOverlaySample */ = {
			isa = PBXGroup;
			children = (
				770A30EC21AB124F00603B45 /* AppDelegate.swift */,
				770A30EE21AB124F00603B45 /* ViewController.swift */,
				770A30F021AB125100603B45 /* Assets.xcassets */,
				770A30F221AB125100603B45 /* Main.storyboard */,
				770A30F521AB125100603B45 /* Info.plist */,
				770A30F621AB125100603B45 /* ProgressOverlaySample.entitlements */,
			);
			path = ProgressOverlaySample;
			sourceTree = "<group>";
		};
		770A30FC21AB138000603B45 /* ProgressOverlayView */ = {
			isa = PBXGroup;
			children = (
				770A310921B5204200603B45 /* DisablableScrollView.swift */,
				770A310121B493E300603B45 /* DisablableTextView.swift */,
				770A310521B50DEC00603B45 /* NSControl+UserInteraction.swift */,
				770A310B21B521B900603B45 /* NSScrollView+UserIneraction.swift */,
				770A310321B50B0E00603B45 /* NSTextField+UserInteraction.swift */,
				770A310721B511EB00603B45 /* NSTextView+UserInteraction.swift */,
				770A30FF21AB229800603B45 /* NSView+ProgressOverlay.swift */,
				770A30FD21AB13FF00603B45 /* ProgressOverlayView.swift */,
			);
			path = ProgressOverlayView;
			sourceTree = "<group>";
		};
/* End PBXGroup section */

/* Begin PBXNativeTarget section */
		770A30E821AB124F00603B45 /* ProgressOverlaySample */ = {
			isa = PBXNativeTarget;
			buildConfigurationList = 770A30F921AB125100603B45 /* Build configuration list for PBXNativeTarget "ProgressOverlaySample" */;
			buildPhases = (
				770A30E521AB124F00603B45 /* Sources */,
				770A30E621AB124F00603B45 /* Frameworks */,
				770A30E721AB124F00603B45 /* Resources */,
			);
			buildRules = (
			);
			dependencies = (
			);
			name = ProgressOverlaySample;
			productName = ProgressOverlaySample;
			productReference = 770A30E921AB124F00603B45 /* ProgressOverlaySample.app */;
			productType = "com.apple.product-type.application";
		};
/* End PBXNativeTarget section */

/* Begin PBXProject section */
		770A30E121AB124F00603B45 /* Project object */ = {
			isa = PBXProject;
			attributes = {
				LastSwiftUpdateCheck = 1010;
				LastUpgradeCheck = 1010;
				ORGANIZATIONNAME = "Maksim Libenson";
				TargetAttributes = {
					770A30E821AB124F00603B45 = {
						CreatedOnToolsVersion = 10.1;
					};
				};
			};
			buildConfigurationList = 770A30E421AB124F00603B45 /* Build configuration list for PBXProject "ProgressOverlaySample" */;
			compatibilityVersion = "Xcode 9.3";
			developmentRegion = en;
			hasScannedForEncodings = 0;
			knownRegions = (
				en,
				Base,
			);
			mainGroup = 770A30E021AB124F00603B45;
			productRefGroup = 770A30EA21AB124F00603B45 /* Products */;
			projectDirPath = "";
			projectRoot = "";
			targets = (
				770A30E821AB124F00603B45 /* ProgressOverlaySample */,
			);
		};
/* End PBXProject section */

/* Begin PBXResourcesBuildPhase section */
		770A30E721AB124F00603B45 /* Resources */ = {
			isa = PBXResourcesBuildPhase;
			buildActionMask = 2147483647;
			files = (
				770A30F121AB125100603B45 /* Assets.xcassets in Resources */,
				770A30F421AB125100603B45 /* Main.storyboard in Resources */,
			);
			runOnlyForDeploymentPostprocessing = 0;
		};
/* End PBXResourcesBuildPhase section */

/* Begin PBXSourcesBuildPhase section */
		770A30E521AB124F00603B45 /* Sources */ = {
			isa = PBXSourcesBuildPhase;
			buildActionMask = 2147483647;
			files = (
				770A30EF21AB124F00603B45 /* ViewController.swift in Sources */,
				770A310221B493E300603B45 /* DisablableTextView.swift in Sources */,
				770A310021AB229800603B45 /* NSView+ProgressOverlay.swift in Sources */,
				770A30FE21AB13FF00603B45 /* ProgressOverlayView.swift in Sources */,
				770A310821B511EB00603B45 /* NSTextView+UserInteraction.swift in Sources */,
				770A310421B50B0E00603B45 /* NSTextField+UserInteraction.swift in Sources */,
				770A310A21B5204200603B45 /* DisablableScrollView.swift in Sources */,
				770A30ED21AB124F00603B45 /* AppDelegate.swift in Sources */,
				770A310621B50DEC00603B45 /* NSControl+UserInteraction.swift in Sources */,
				770A310C21B521B900603B45 /* NSScrollView+UserIneraction.swift in Sources */,
			);
			runOnlyForDeploymentPostprocessing = 0;
		};
/* End PBXSourcesBuildPhase section */

/* Begin PBXVariantGroup section */
		770A30F221AB125100603B45 /* Main.storyboard */ = {
			isa = PBXVariantGroup;
			children = (
				770A30F321AB125100603B45 /* Base */,
			);
			name = Main.storyboard;
			sourceTree = "<group>";
		};
/* End PBXVariantGroup section */

/* Begin XCBuildConfiguration section */
		770A30F721AB125100603B45 /* Debug */ = {
			isa = XCBuildConfiguration;
			buildSettings = {
				ALWAYS_SEARCH_USER_PATHS = NO;
				CLANG_ANALYZER_NONNULL = YES;
				CLANG_ANALYZER_NUMBER_OBJECT_CONVERSION = YES_AGGRESSIVE;
				CLANG_CXX_LANGUAGE_STANDARD = "gnu++14";
				CLANG_CXX_LIBRARY = "libc++";
				CLANG_ENABLE_MODULES = YES;
				CLANG_ENABLE_OBJC_ARC = YES;
				CLANG_ENABLE_OBJC_WEAK = YES;
				CLANG_WARN_BLOCK_CAPTURE_AUTORELEASING = YES;
				CLANG_WARN_BOOL_CONVERSION = YES;
				CLANG_WARN_COMMA = YES;
				CLANG_WARN_CONSTANT_CONVERSION = YES;
				CLANG_WARN_DEPRECATED_OBJC_IMPLEMENTATIONS = YES;
				CLANG_WARN_DIRECT_OBJC_ISA_USAGE = YES_ERROR;
				CLANG_WARN_DOCUMENTATION_COMMENTS = YES;
				CLANG_WARN_EMPTY_BODY = YES;
				CLANG_WARN_ENUM_CONVERSION = YES;
				CLANG_WARN_INFINITE_RECURSION = YES;
				CLANG_WARN_INT_CONVERSION = YES;
				CLANG_WARN_NON_LITERAL_NULL_CONVERSION = YES;
				CLANG_WARN_OBJC_IMPLICIT_RETAIN_SELF = YES;
				CLANG_WARN_OBJC_LITERAL_CONVERSION = YES;
				CLANG_WARN_OBJC_ROOT_CLASS = YES_ERROR;
				CLANG_WARN_RANGE_LOOP_ANALYSIS = YES;
				CLANG_WARN_STRICT_PROTOTYPES = YES;
				CLANG_WARN_SUSPICIOUS_MOVE = YES;
				CLANG_WARN_UNGUARDED_AVAILABILITY = YES_AGGRESSIVE;
				CLANG_WARN_UNREACHABLE_CODE = YES;
				CLANG_WARN__DUPLICATE_METHOD_MATCH = YES;
				CODE_SIGN_IDENTITY = "Mac Developer";
				COPY_PHASE_STRIP = NO;
				DEBUG_INFORMATION_FORMAT = dwarf;
				ENABLE_STRICT_OBJC_MSGSEND = YES;
				ENABLE_TESTABILITY = YES;
				GCC_C_LANGUAGE_STANDARD = gnu11;
				GCC_DYNAMIC_NO_PIC = NO;
				GCC_NO_COMMON_BLOCKS = YES;
				GCC_OPTIMIZATION_LEVEL = 0;
				GCC_PREPROCESSOR_DEFINITIONS = (
					"DEBUG=1",
					"$(inherited)",
				);
				GCC_WARN_64_TO_32_BIT_CONVERSION = YES;
				GCC_WARN_ABOUT_RETURN_TYPE = YES_ERROR;
				GCC_WARN_UNDECLARED_SELECTOR = YES;
				GCC_WARN_UNINITIALIZED_AUTOS = YES_AGGRESSIVE;
				GCC_WARN_UNUSED_FUNCTION = YES;
				GCC_WARN_UNUSED_VARIABLE = YES;
				MACOSX_DEPLOYMENT_TARGET = 10.14;
				MTL_ENABLE_DEBUG_INFO = INCLUDE_SOURCE;
				MTL_FAST_MATH = YES;
				ONLY_ACTIVE_ARCH = YES;
				SDKROOT = macosx;
				SWIFT_ACTIVE_COMPILATION_CONDITIONS = DEBUG;
				SWIFT_OPTIMIZATION_LEVEL = "-Onone";
			};
			name = Debug;
		};
		770A30F821AB125100603B45 /* Release */ = {
			isa = XCBuildConfiguration;
			buildSettings = {
				ALWAYS_SEARCH_USER_PATHS = NO;
				CLANG_ANALYZER_NONNULL = YES;
				CLANG_ANALYZER_NUMBER_OBJECT_CONVERSION = YES_AGGRESSIVE;
				CLANG_CXX_LANGUAGE_STANDARD = "gnu++14";
				CLANG_CXX_LIBRARY = "libc++";
				CLANG_ENABLE_MODULES = YES;
				CLANG_ENABLE_OBJC_ARC = YES;
				CLANG_ENABLE_OBJC_WEAK = YES;
				CLANG_WARN_BLOCK_CAPTURE_AUTORELEASING = YES;
				CLANG_WARN_BOOL_CONVERSION = YES;
				CLANG_WARN_COMMA = YES;
				CLANG_WARN_CONSTANT_CONVERSION = YES;
				CLANG_WARN_DEPRECATED_OBJC_IMPLEMENTATIONS = YES;
				CLANG_WARN_DIRECT_OBJC_ISA_USAGE = YES_ERROR;
				CLANG_WARN_DOCUMENTATION_COMMENTS = YES;
				CLANG_WARN_EMPTY_BODY = YES;
				CLANG_WARN_ENUM_CONVERSION = YES;
				CLANG_WARN_INFINITE_RECURSION = YES;
				CLANG_WARN_INT_CONVERSION = YES;
				CLANG_WARN_NON_LITERAL_NULL_CONVERSION = YES;
				CLANG_WARN_OBJC_IMPLICIT_RETAIN_SELF = YES;
				CLANG_WARN_OBJC_LITERAL_CONVERSION = YES;
				CLANG_WARN_OBJC_ROOT_CLASS = YES_ERROR;
				CLANG_WARN_RANGE_LOOP_ANALYSIS = YES;
				CLANG_WARN_STRICT_PROTOTYPES = YES;
				CLANG_WARN_SUSPICIOUS_MOVE = YES;
				CLANG_WARN_UNGUARDED_AVAILABILITY = YES_AGGRESSIVE;
				CLANG_WARN_UNREACHABLE_CODE = YES;
				CLANG_WARN__DUPLICATE_METHOD_MATCH = YES;
				CODE_SIGN_IDENTITY = "Mac Developer";
				COPY_PHASE_STRIP = NO;
				DEBUG_INFORMATION_FORMAT = "dwarf-with-dsym";
				ENABLE_NS_ASSERTIONS = NO;
				ENABLE_STRICT_OBJC_MSGSEND = YES;
				GCC_C_LANGUAGE_STANDARD = gnu11;
				GCC_NO_COMMON_BLOCKS = YES;
				GCC_WARN_64_TO_32_BIT_CONVERSION = YES;
				GCC_WARN_ABOUT_RETURN_TYPE = YES_ERROR;
				GCC_WARN_UNDECLARED_SELECTOR = YES;
				GCC_WARN_UNINITIALIZED_AUTOS = YES_AGGRESSIVE;
				GCC_WARN_UNUSED_FUNCTION = YES;
				GCC_WARN_UNUSED_VARIABLE = YES;
				MACOSX_DEPLOYMENT_TARGET = 10.14;
				MTL_ENABLE_DEBUG_INFO = NO;
				MTL_FAST_MATH = YES;
				SDKROOT = macosx;
				SWIFT_COMPILATION_MODE = wholemodule;
				SWIFT_OPTIMIZATION_LEVEL = "-O";
			};
			name = Release;
		};
		770A30FA21AB125100603B45 /* Debug */ = {
			isa = XCBuildConfiguration;
			buildSettings = {
				ASSETCATALOG_COMPILER_APPICON_NAME = AppIcon;
				CODE_SIGN_ENTITLEMENTS = ProgressOverlaySample/ProgressOverlaySample.entitlements;
				CODE_SIGN_STYLE = Automatic;
				COMBINE_HIDPI_IMAGES = YES;
				DEVELOPMENT_TEAM = YC975PN45W;
				INFOPLIST_FILE = ProgressOverlaySample/Info.plist;
				LD_RUNPATH_SEARCH_PATHS = (
					"$(inherited)",
					"@executable_path/../Frameworks",
				);
				PRODUCT_BUNDLE_IDENTIFIER = com.ceemax.ProgressOverlaySample;
				PRODUCT_NAME = "$(TARGET_NAME)";
				SWIFT_VERSION = 4.2;
			};
			name = Debug;
		};
		770A30FB21AB125100603B45 /* Release */ = {
			isa = XCBuildConfiguration;
			buildSettings = {
				ASSETCATALOG_COMPILER_APPICON_NAME = AppIcon;
				CODE_SIGN_ENTITLEMENTS = ProgressOverlaySample/ProgressOverlaySample.entitlements;
				CODE_SIGN_STYLE = Automatic;
				COMBINE_HIDPI_IMAGES = YES;
				DEVELOPMENT_TEAM = YC975PN45W;
				INFOPLIST_FILE = ProgressOverlaySample/Info.plist;
				LD_RUNPATH_SEARCH_PATHS = (
					"$(inherited)",
					"@executable_path/../Frameworks",
				);
				PRODUCT_BUNDLE_IDENTIFIER = com.ceemax.ProgressOverlaySample;
				PRODUCT_NAME = "$(TARGET_NAME)";
				SWIFT_VERSION = 4.2;
			};
			name = Release;
		};
/* End XCBuildConfiguration section */

/* Begin XCConfigurationList section */
		770A30E421AB124F00603B45 /* Build configuration list for PBXProject "ProgressOverlaySample" */ = {
			isa = XCConfigurationList;
			buildConfigurations = (
				770A30F721AB125100603B45 /* Debug */,
				770A30F821AB125100603B45 /* Release */,
			);
			defaultConfigurationIsVisible = 0;
			defaultConfigurationName = Release;
		};
		770A30F921AB125100603B45 /* Build configuration list for PBXNativeTarget "ProgressOverlaySample" */ = {
			isa = XCConfigurationList;
			buildConfigurations = (
				770A30FA21AB125100603B45 /* Debug */,
				770A30FB21AB125100603B45 /* Release */,
			);
			defaultConfigurationIsVisible = 0;
			defaultConfigurationName = Release;
		};
/* End XCConfigurationList section */
	};
	rootObject = 770A30E121AB124F00603B45 /* Project object */;
}
